// !$*UTF8*$!
{
	archiveVersion = 1;
	classes = {
	};
	objectVersion = 50;
	objects = {

/* Begin PBXBuildFile section */
		A628075D232DF1AD00558ADC /* AppDelegate.swift in Sources */ = {isa = PBXBuildFile; fileRef = A628075C232DF1AD00558ADC /* AppDelegate.swift */; };
		A628075F232DF1AD00558ADC /* ViewController.swift in Sources */ = {isa = PBXBuildFile; fileRef = A628075E232DF1AD00558ADC /* ViewController.swift */; };
		A6280762232DF1AD00558ADC /* Main.storyboard in Resources */ = {isa = PBXBuildFile; fileRef = A6280760232DF1AD00558ADC /* Main.storyboard */; };
		A6280764232DF1AE00558ADC /* Assets.xcassets in Resources */ = {isa = PBXBuildFile; fileRef = A6280763232DF1AE00558ADC /* Assets.xcassets */; };
		A6280767232DF1AE00558ADC /* LaunchScreen.storyboard in Resources */ = {isa = PBXBuildFile; fileRef = A6280765232DF1AE00558ADC /* LaunchScreen.storyboard */; };
		A6280775232DFBF500558ADC /* Question.swift in Sources */ = {isa = PBXBuildFile; fileRef = A6280774232DFBF500558ADC /* Question.swift */; };
		A6803487233527250020B71D /* ListQuestion.swift in Sources */ = {isa = PBXBuildFile; fileRef = A6803486233527250020B71D /* ListQuestion.swift */; };
		A680348C23354A480020B71D /* correct.wav in Resources */ = {isa = PBXBuildFile; fileRef = A680348B23354A480020B71D /* correct.wav */; };
		A680348F23354A7C0020B71D /* SoundManager.swift in Sources */ = {isa = PBXBuildFile; fileRef = A680348E23354A7C0020B71D /* SoundManager.swift */; };
		A6AB68B923362F3600358E2E /* Localizable.strings in Resources */ = {isa = PBXBuildFile; fileRef = A6AB68BB23362F3600358E2E /* Localizable.strings */; };
		A6AB68BF23362FC500358E2E /* String+Localizable.swift in Sources */ = {isa = PBXBuildFile; fileRef = A6AB68BE23362FC500358E2E /* String+Localizable.swift */; };
		A6BE488C2336717E0016C6DD /* VibrateManager.swift in Sources */ = {isa = PBXBuildFile; fileRef = A6BE488B2336717E0016C6DD /* VibrateManager.swift */; };
		A6BE488E233693E60016C6DD /* Button+Animation.swift in Sources */ = {isa = PBXBuildFile; fileRef = A6BE488D233693E60016C6DD /* Button+Animation.swift */; };
		A6BE48902336964C0016C6DD /* ImageView+Animation.swift in Sources */ = {isa = PBXBuildFile; fileRef = A6BE488F2336964C0016C6DD /* ImageView+Animation.swift */; };
		A6BE489223369B080016C6DD /* Label+Animation.swift in Sources */ = {isa = PBXBuildFile; fileRef = A6BE489123369B080016C6DD /* Label+Animation.swift */; };
/* End PBXBuildFile section */

/* Begin PBXFileReference section */
		A6280759232DF1AD00558ADC /* Quizzler.app */ = {isa = PBXFileReference; explicitFileType = wrapper.application; includeInIndex = 0; path = Quizzler.app; sourceTree = BUILT_PRODUCTS_DIR; };
		A628075C232DF1AD00558ADC /* AppDelegate.swift */ = {isa = PBXFileReference; lastKnownFileType = sourcecode.swift; path = AppDelegate.swift; sourceTree = "<group>"; };
		A628075E232DF1AD00558ADC /* ViewController.swift */ = {isa = PBXFileReference; lastKnownFileType = sourcecode.swift; path = ViewController.swift; sourceTree = "<group>"; };
		A6280761232DF1AD00558ADC /* Base */ = {isa = PBXFileReference; lastKnownFileType = file.storyboard; name = Base; path = Base.lproj/Main.storyboard; sourceTree = "<group>"; };
		A6280763232DF1AE00558ADC /* Assets.xcassets */ = {isa = PBXFileReference; lastKnownFileType = folder.assetcatalog; path = Assets.xcassets; sourceTree = "<group>"; };
		A6280766232DF1AE00558ADC /* Base */ = {isa = PBXFileReference; lastKnownFileType = file.storyboard; name = Base; path = Base.lproj/LaunchScreen.storyboard; sourceTree = "<group>"; };
		A6280768232DF1AE00558ADC /* Info.plist */ = {isa = PBXFileReference; lastKnownFileType = text.plist.xml; path = Info.plist; sourceTree = "<group>"; };
		A6280774232DFBF500558ADC /* Question.swift */ = {isa = PBXFileReference; lastKnownFileType = sourcecode.swift; path = Question.swift; sourceTree = "<group>"; };
		A6803486233527250020B71D /* ListQuestion.swift */ = {isa = PBXFileReference; lastKnownFileType = sourcecode.swift; path = ListQuestion.swift; sourceTree = "<group>"; };
		A680348B23354A480020B71D /* correct.wav */ = {isa = PBXFileReference; lastKnownFileType = audio.wav; path = correct.wav; sourceTree = "<group>"; };
		A680348E23354A7C0020B71D /* SoundManager.swift */ = {isa = PBXFileReference; lastKnownFileType = sourcecode.swift; path = SoundManager.swift; sourceTree = "<group>"; };
		A6AB68AC233626D300358E2E /* vi */ = {isa = PBXFileReference; lastKnownFileType = text.plist.strings; name = vi; path = vi.lproj/LaunchScreen.strings; sourceTree = "<group>"; };
		A6AB68AD233626D400358E2E /* vi */ = {isa = PBXFileReference; lastKnownFileType = text.plist.strings; name = vi; path = vi.lproj/Main.strings; sourceTree = "<group>"; };
		A6AB68BA23362F3600358E2E /* en */ = {isa = PBXFileReference; lastKnownFileType = text.plist.strings; name = en; path = en.lproj/Localizable.strings; sourceTree = "<group>"; };
		A6AB68BC23362F3B00358E2E /* vi */ = {isa = PBXFileReference; lastKnownFileType = text.plist.strings; name = vi; path = vi.lproj/Localizable.strings; sourceTree = "<group>"; };
		A6AB68BE23362FC500358E2E /* String+Localizable.swift */ = {isa = PBXFileReference; lastKnownFileType = sourcecode.swift; path = "String+Localizable.swift"; sourceTree = "<group>"; };
		A6BE488B2336717E0016C6DD /* VibrateManager.swift */ = {isa = PBXFileReference; lastKnownFileType = sourcecode.swift; path = VibrateManager.swift; sourceTree = "<group>"; };
		A6BE488D233693E60016C6DD /* Button+Animation.swift */ = {isa = PBXFileReference; lastKnownFileType = sourcecode.swift; path = "Button+Animation.swift"; sourceTree = "<group>"; };
		A6BE488F2336964C0016C6DD /* ImageView+Animation.swift */ = {isa = PBXFileReference; lastKnownFileType = sourcecode.swift; path = "ImageView+Animation.swift"; sourceTree = "<group>"; };
		A6BE489123369B080016C6DD /* Label+Animation.swift */ = {isa = PBXFileReference; lastKnownFileType = sourcecode.swift; path = "Label+Animation.swift"; sourceTree = "<group>"; };
/* End PBXFileReference section */

/* Begin PBXFrameworksBuildPhase section */
		A6280756232DF1AD00558ADC /* Frameworks */ = {
			isa = PBXFrameworksBuildPhase;
			buildActionMask = 2147483647;
			files = (
			);
			runOnlyForDeploymentPostprocessing = 0;
		};
/* End PBXFrameworksBuildPhase section */

/* Begin PBXGroup section */
		A6280750232DF1AD00558ADC = {
			isa = PBXGroup;
			children = (
				A628075B232DF1AD00558ADC /* Quizzler */,
				A628075A232DF1AD00558ADC /* Products */,
			);
			sourceTree = "<group>";
		};
		A628075A232DF1AD00558ADC /* Products */ = {
			isa = PBXGroup;
			children = (
				A6280759232DF1AD00558ADC /* Quizzler.app */,
			);
			name = Products;
			sourceTree = "<group>";
		};
		A628075B232DF1AD00558ADC /* Quizzler */ = {
			isa = PBXGroup;
			children = (
				A6AB68BD23362FAE00358E2E /* Subclass */,
				A6AB68A62336260900358E2E /* Localizations */,
				A680348D23354A690020B71D /* Utils */,
				A6280773232DFB6900558ADC /* App Configs */,
				A6280772232DFB2A00558ADC /* Resource */,
				A6280771232DFB1000558ADC /* Supporting Files */,
				A6280770232DF55300558ADC /* Models */,
				A628076F232DF54D00558ADC /* Views */,
				A628076E232DF54200558ADC /* Controllers */,
			);
			path = Quizzler;
			sourceTree = "<group>";
		};
		A628076E232DF54200558ADC /* Controllers */ = {
			isa = PBXGroup;
			children = (
				A628075E232DF1AD00558ADC /* ViewController.swift */,
			);
			path = Controllers;
			sourceTree = "<group>";
		};
		A628076F232DF54D00558ADC /* Views */ = {
			isa = PBXGroup;
			children = (
				A6280760232DF1AD00558ADC /* Main.storyboard */,
			);
			path = Views;
			sourceTree = "<group>";
		};
		A6280770232DF55300558ADC /* Models */ = {
			isa = PBXGroup;
			children = (
				A6280774232DFBF500558ADC /* Question.swift */,
				A6803486233527250020B71D /* ListQuestion.swift */,
			);
			path = Models;
			sourceTree = "<group>";
		};
		A6280771232DFB1000558ADC /* Supporting Files */ = {
			isa = PBXGroup;
			children = (
				A6280765232DF1AE00558ADC /* LaunchScreen.storyboard */,
				A6280768232DF1AE00558ADC /* Info.plist */,
			);
			path = "Supporting Files";
			sourceTree = "<group>";
		};
		A6280772232DFB2A00558ADC /* Resource */ = {
			isa = PBXGroup;
			children = (
				A680348A233549930020B71D /* Sounds */,
				A6280763232DF1AE00558ADC /* Assets.xcassets */,
			);
			path = Resource;
			sourceTree = "<group>";
		};
		A6280773232DFB6900558ADC /* App Configs */ = {
			isa = PBXGroup;
			children = (
				A628075C232DF1AD00558ADC /* AppDelegate.swift */,
			);
			path = "App Configs";
			sourceTree = "<group>";
		};
		A680348A233549930020B71D /* Sounds */ = {
			isa = PBXGroup;
			children = (
				A680348B23354A480020B71D /* correct.wav */,
			);
			path = Sounds;
			sourceTree = "<group>";
		};
		A680348D23354A690020B71D /* Utils */ = {
			isa = PBXGroup;
			children = (
				A680348E23354A7C0020B71D /* SoundManager.swift */,
				A6BE488B2336717E0016C6DD /* VibrateManager.swift */,
			);
			path = Utils;
			sourceTree = "<group>";
		};
		A6AB68A62336260900358E2E /* Localizations */ = {
			isa = PBXGroup;
			children = (
				A6AB68BB23362F3600358E2E /* Localizable.strings */,
			);
			path = Localizations;
			sourceTree = "<group>";
		};
		A6AB68BD23362FAE00358E2E /* Subclass */ = {
			isa = PBXGroup;
			children = (
				A6AB68BE23362FC500358E2E /* String+Localizable.swift */,
				A6BE488D233693E60016C6DD /* Button+Animation.swift */,
				A6BE488F2336964C0016C6DD /* ImageView+Animation.swift */,
				A6BE489123369B080016C6DD /* Label+Animation.swift */,
			);
			path = Subclass;
			sourceTree = "<group>";
		};
/* End PBXGroup section */

/* Begin PBXNativeTarget section */
		A6280758232DF1AD00558ADC /* Quizzler */ = {
			isa = PBXNativeTarget;
			buildConfigurationList = A628076B232DF1AE00558ADC /* Build configuration list for PBXNativeTarget "Quizzler" */;
			buildPhases = (
				A6280755232DF1AD00558ADC /* Sources */,
				A6280756232DF1AD00558ADC /* Frameworks */,
				A6280757232DF1AD00558ADC /* Resources */,
			);
			buildRules = (
			);
			dependencies = (
			);
			name = Quizzler;
			productName = Quizzler;
			productReference = A6280759232DF1AD00558ADC /* Quizzler.app */;
			productType = "com.apple.product-type.application";
		};
/* End PBXNativeTarget section */

/* Begin PBXProject section */
		A6280751232DF1AD00558ADC /* Project object */ = {
			isa = PBXProject;
			attributes = {
				LastSwiftUpdateCheck = 1030;
				LastUpgradeCheck = 1030;
				ORGANIZATIONNAME = TeamLuna;
				TargetAttributes = {
					A6280758232DF1AD00558ADC = {
						CreatedOnToolsVersion = 10.3;
					};
				};
			};
			buildConfigurationList = A6280754232DF1AD00558ADC /* Build configuration list for PBXProject "Quizzler" */;
			compatibilityVersion = "Xcode 9.3";
			developmentRegion = en;
			hasScannedForEncodings = 0;
			knownRegions = (
				en,
				Base,
				vi,
			);
			mainGroup = A6280750232DF1AD00558ADC;
			productRefGroup = A628075A232DF1AD00558ADC /* Products */;
			projectDirPath = "";
			projectRoot = "";
			targets = (
				A6280758232DF1AD00558ADC /* Quizzler */,
			);
		};
/* End PBXProject section */

/* Begin PBXResourcesBuildPhase section */
		A6280757232DF1AD00558ADC /* Resources */ = {
			isa = PBXResourcesBuildPhase;
			buildActionMask = 2147483647;
			files = (
				A6AB68B923362F3600358E2E /* Localizable.strings in Resources */,
				A6280767232DF1AE00558ADC /* LaunchScreen.storyboard in Resources */,
				A680348C23354A480020B71D /* correct.wav in Resources */,
				A6280764232DF1AE00558ADC /* Assets.xcassets in Resources */,
				A6280762232DF1AD00558ADC /* Main.storyboard in Resources */,
			);
			runOnlyForDeploymentPostprocessing = 0;
		};
/* End PBXResourcesBuildPhase section */

/* Begin PBXSourcesBuildPhase section */
		A6280755232DF1AD00558ADC /* Sources */ = {
			isa = PBXSourcesBuildPhase;
			buildActionMask = 2147483647;
			files = (
				A6BE488E233693E60016C6DD /* Button+Animation.swift in Sources */,
				A6280775232DFBF500558ADC /* Question.swift in Sources */,
				A6BE489223369B080016C6DD /* Label+Animation.swift in Sources */,
				A6803487233527250020B71D /* ListQuestion.swift in Sources */,
				A628075F232DF1AD00558ADC /* ViewController.swift in Sources */,
				A628075D232DF1AD00558ADC /* AppDelegate.swift in Sources */,
				A680348F23354A7C0020B71D /* SoundManager.swift in Sources */,
				A6BE488C2336717E0016C6DD /* VibrateManager.swift in Sources */,
				A6BE48902336964C0016C6DD /* ImageView+Animation.swift in Sources */,
				A6AB68BF23362FC500358E2E /* String+Localizable.swift in Sources */,
			);
			runOnlyForDeploymentPostprocessing = 0;
		};
/* End PBXSourcesBuildPhase section */

/* Begin PBXVariantGroup section */
		A6280760232DF1AD00558ADC /* Main.storyboard */ = {
			isa = PBXVariantGroup;
			children = (
				A6280761232DF1AD00558ADC /* Base */,
				A6AB68AD233626D400358E2E /* vi */,
			);
			name = Main.storyboard;
			sourceTree = "<group>";
		};
		A6280765232DF1AE00558ADC /* LaunchScreen.storyboard */ = {
			isa = PBXVariantGroup;
			children = (
				A6280766232DF1AE00558ADC /* Base */,
				A6AB68AC233626D300358E2E /* vi */,
			);
			name = LaunchScreen.storyboard;
			sourceTree = "<group>";
		};
		A6AB68BB23362F3600358E2E /* Localizable.strings */ = {
			isa = PBXVariantGroup;
			children = (
				A6AB68BA23362F3600358E2E /* en */,
				A6AB68BC23362F3B00358E2E /* vi */,
			);
			name = Localizable.strings;
			sourceTree = "<group>";
		};
/* End PBXVariantGroup section */

/* Begin XCBuildConfiguration section */
		A6280769232DF1AE00558ADC /* Debug */ = {
			isa = XCBuildConfiguration;
			buildSettings = {
				ALWAYS_SEARCH_USER_PATHS = NO;
				CLANG_ANALYZER_LOCALIZABILITY_NONLOCALIZED = YES;
				CLANG_ANALYZER_NONNULL = YES;
				CLANG_ANALYZER_NUMBER_OBJECT_CONVERSION = YES_AGGRESSIVE;
				CLANG_CXX_LANGUAGE_STANDARD = "gnu++14";
				CLANG_CXX_LIBRARY = "libc++";
				CLANG_ENABLE_MODULES = YES;
				CLANG_ENABLE_OBJC_ARC = YES;
				CLANG_ENABLE_OBJC_WEAK = YES;
				CLANG_WARN_BLOCK_CAPTURE_AUTORELEASING = YES;
				CLANG_WARN_BOOL_CONVERSION = YES;
				CLANG_WARN_COMMA = YES;
				CLANG_WARN_CONSTANT_CONVERSION = YES;
				CLANG_WARN_DEPRECATED_OBJC_IMPLEMENTATIONS = YES;
				CLANG_WARN_DIRECT_OBJC_ISA_USAGE = YES_ERROR;
				CLANG_WARN_DOCUMENTATION_COMMENTS = YES;
				CLANG_WARN_EMPTY_BODY = YES;
				CLANG_WARN_ENUM_CONVERSION = YES;
				CLANG_WARN_INFINITE_RECURSION = YES;
				CLANG_WARN_INT_CONVERSION = YES;
				CLANG_WARN_NON_LITERAL_NULL_CONVERSION = YES;
				CLANG_WARN_OBJC_IMPLICIT_RETAIN_SELF = YES;
				CLANG_WARN_OBJC_LITERAL_CONVERSION = YES;
				CLANG_WARN_OBJC_ROOT_CLASS = YES_ERROR;
				CLANG_WARN_RANGE_LOOP_ANALYSIS = YES;
				CLANG_WARN_STRICT_PROTOTYPES = YES;
				CLANG_WARN_SUSPICIOUS_MOVE = YES;
				CLANG_WARN_UNGUARDED_AVAILABILITY = YES_AGGRESSIVE;
				CLANG_WARN_UNREACHABLE_CODE = YES;
				CLANG_WARN__DUPLICATE_METHOD_MATCH = YES;
				CODE_SIGN_IDENTITY = "iPhone Developer";
				COPY_PHASE_STRIP = NO;
				DEBUG_INFORMATION_FORMAT = dwarf;
				ENABLE_STRICT_OBJC_MSGSEND = YES;
				ENABLE_TESTABILITY = YES;
				GCC_C_LANGUAGE_STANDARD = gnu11;
				GCC_DYNAMIC_NO_PIC = NO;
				GCC_NO_COMMON_BLOCKS = YES;
				GCC_OPTIMIZATION_LEVEL = 0;
				GCC_PREPROCESSOR_DEFINITIONS = (
					"DEBUG=1",
					"$(inherited)",
				);
				GCC_WARN_64_TO_32_BIT_CONVERSION = YES;
				GCC_WARN_ABOUT_RETURN_TYPE = YES_ERROR;
				GCC_WARN_UNDECLARED_SELECTOR = YES;
				GCC_WARN_UNINITIALIZED_AUTOS = YES_AGGRESSIVE;
				GCC_WARN_UNUSED_FUNCTION = YES;
				GCC_WARN_UNUSED_VARIABLE = YES;
				IPHONEOS_DEPLOYMENT_TARGET = 12.4;
				MTL_ENABLE_DEBUG_INFO = INCLUDE_SOURCE;
				MTL_FAST_MATH = YES;
				ONLY_ACTIVE_ARCH = YES;
				SDKROOT = iphoneos;
				SWIFT_ACTIVE_COMPILATION_CONDITIONS = DEBUG;
				SWIFT_OPTIMIZATION_LEVEL = "-Onone";
			};
			name = Debug;
		};
		A628076A232DF1AE00558ADC /* Release */ = {
			isa = XCBuildConfiguration;
			buildSettings = {
				ALWAYS_SEARCH_USER_PATHS = NO;
				CLANG_ANALYZER_LOCALIZABILITY_NONLOCALIZED = YES;
				CLANG_ANALYZER_NONNULL = YES;
				CLANG_ANALYZER_NUMBER_OBJECT_CONVERSION = YES_AGGRESSIVE;
				CLANG_CXX_LANGUAGE_STANDARD = "gnu++14";
				CLANG_CXX_LIBRARY = "libc++";
				CLANG_ENABLE_MODULES = YES;
				CLANG_ENABLE_OBJC_ARC = YES;
				CLANG_ENABLE_OBJC_WEAK = YES;
				CLANG_WARN_BLOCK_CAPTURE_AUTORELEASING = YES;
				CLANG_WARN_BOOL_CONVERSION = YES;
				CLANG_WARN_COMMA = YES;
				CLANG_WARN_CONSTANT_CONVERSION = YES;
				CLANG_WARN_DEPRECATED_OBJC_IMPLEMENTATIONS = YES;
				CLANG_WARN_DIRECT_OBJC_ISA_USAGE = YES_ERROR;
				CLANG_WARN_DOCUMENTATION_COMMENTS = YES;
				CLANG_WARN_EMPTY_BODY = YES;
				CLANG_WARN_ENUM_CONVERSION = YES;
				CLANG_WARN_INFINITE_RECURSION = YES;
				CLANG_WARN_INT_CONVERSION = YES;
				CLANG_WARN_NON_LITERAL_NULL_CONVERSION = YES;
				CLANG_WARN_OBJC_IMPLICIT_RETAIN_SELF = YES;
				CLANG_WARN_OBJC_LITERAL_CONVERSION = YES;
				CLANG_WARN_OBJC_ROOT_CLASS = YES_ERROR;
				CLANG_WARN_RANGE_LOOP_ANALYSIS = YES;
				CLANG_WARN_STRICT_PROTOTYPES = YES;
				CLANG_WARN_SUSPICIOUS_MOVE = YES;
				CLANG_WARN_UNGUARDED_AVAILABILITY = YES_AGGRESSIVE;
				CLANG_WARN_UNREACHABLE_CODE = YES;
				CLANG_WARN__DUPLICATE_METHOD_MATCH = YES;
				CODE_SIGN_IDENTITY = "iPhone Developer";
				COPY_PHASE_STRIP = NO;
				DEBUG_INFORMATION_FORMAT = "dwarf-with-dsym";
				ENABLE_NS_ASSERTIONS = NO;
				ENABLE_STRICT_OBJC_MSGSEND = YES;
				GCC_C_LANGUAGE_STANDARD = gnu11;
				GCC_NO_COMMON_BLOCKS = YES;
				GCC_WARN_64_TO_32_BIT_CONVERSION = YES;
				GCC_WARN_ABOUT_RETURN_TYPE = YES_ERROR;
				GCC_WARN_UNDECLARED_SELECTOR = YES;
				GCC_WARN_UNINITIALIZED_AUTOS = YES_AGGRESSIVE;
				GCC_WARN_UNUSED_FUNCTION = YES;
				GCC_WARN_UNUSED_VARIABLE = YES;
				IPHONEOS_DEPLOYMENT_TARGET = 12.4;
				MTL_ENABLE_DEBUG_INFO = NO;
				MTL_FAST_MATH = YES;
				SDKROOT = iphoneos;
				SWIFT_COMPILATION_MODE = wholemodule;
				SWIFT_OPTIMIZATION_LEVEL = "-O";
				VALIDATE_PRODUCT = YES;
			};
			name = Release;
		};
		A628076C232DF1AE00558ADC /* Debug */ = {
			isa = XCBuildConfiguration;
			buildSettings = {
				ASSETCATALOG_COMPILER_APPICON_NAME = AppIcon;
				CODE_SIGN_STYLE = Automatic;
				DEVELOPMENT_TEAM = B9C7RXV7S2;
				INFOPLIST_FILE = "$(SRCROOT)/Quizzler/Supporting Files/Info.plist";
				IPHONEOS_DEPLOYMENT_TARGET = 12.4;
				LD_RUNPATH_SEARCH_PATHS = (
					"$(inherited)",
					"@executable_path/Frameworks",
				);
				PRODUCT_BUNDLE_IDENTIFIER = teamluna.Quizzler;
				PRODUCT_NAME = "$(TARGET_NAME)";
				SWIFT_VERSION = 5.0;
				TARGETED_DEVICE_FAMILY = "1,2";
			};
			name = Debug;
		};
		A628076D232DF1AE00558ADC /* Release */ = {
			isa = XCBuildConfiguration;
			buildSettings = {
				ASSETCATALOG_COMPILER_APPICON_NAME = AppIcon;
				CODE_SIGN_STYLE = Automatic;
				DEVELOPMENT_TEAM = B9C7RXV7S2;
				INFOPLIST_FILE = "$(SRCROOT)/Quizzler/Supporting Files/Info.plist";
				IPHONEOS_DEPLOYMENT_TARGET = 12.4;
				LD_RUNPATH_SEARCH_PATHS = (
					"$(inherited)",
					"@executable_path/Frameworks",
				);
				PRODUCT_BUNDLE_IDENTIFIER = teamluna.Quizzler;
				PRODUCT_NAME = "$(TARGET_NAME)";
				SWIFT_VERSION = 5.0;
				TARGETED_DEVICE_FAMILY = "1,2";
			};
			name = Release;
		};
/* End XCBuildConfiguration section */

/* Begin XCConfigurationList section */
		A6280754232DF1AD00558ADC /* Build configuration list for PBXProject "Quizzler" */ = {
			isa = XCConfigurationList;
			buildConfigurations = (
				A6280769232DF1AE00558ADC /* Debug */,
				A628076A232DF1AE00558ADC /* Release */,
			);
			defaultConfigurationIsVisible = 0;
			defaultConfigurationName = Release;
		};
		A628076B232DF1AE00558ADC /* Build configuration list for PBXNativeTarget "Quizzler" */ = {
			isa = XCConfigurationList;
			buildConfigurations = (
				A628076C232DF1AE00558ADC /* Debug */,
				A628076D232DF1AE00558ADC /* Release */,
			);
			defaultConfigurationIsVisible = 0;
			defaultConfigurationName = Release;
		};
/* End XCConfigurationList section */
	};
	rootObject = A6280751232DF1AD00558ADC /* Project object */;
}
